<?xml version="1.0" encoding="UTF-8"?>
<CONFIG>
  <ProjectOptions>
    <Version Value="12"/>
    <General>
      <Flags>
        <CompatibilityMode Value="True"/>
      </Flags>
      <SessionStorage Value="InProjectDir"/>
      <Title Value="eduardo_experiment"/>
      <Scaled Value="True"/>
      <ResourceType Value="res"/>
      <UseXPManifest Value="True"/>
      <XPManifest>
        <DpiAware Value="True"/>
        <TextName Value="Experimentos.RFT.Augusto"/>
        <TextDesc Value="Experimento do Augusto"/>
      </XPManifest>
    </General>
    <BuildModes Count="3">
      <Item1 Name="deb64" Default="True"/>
      <Item2 Name="win64">
        <CompilerOptions>
          <Version Value="11"/>
          <Target>
            <Filename Value="experiment_$(BuildMode)"/>
          </Target>
          <SearchPaths>
            <IncludeFiles Value="$(ProjOutDir)"/>
            <OtherUnitFiles Value="src/forms;src/units;src/schedules;dependency/epiktimer"/>
            <UnitOutputDirectory Value="lib/$(TargetCPU)-$(TargetOS)"/>
          </SearchPaths>
          <Parsing>
            <SyntaxOptions>
              <IncludeAssertionCode Value="True"/>
            </SyntaxOptions>
          </Parsing>
          <CodeGeneration>
            <SmartLinkUnit Value="True"/>
            <Checks>
              <IOChecks Value="True"/>
              <RangeChecks Value="True"/>
              <OverflowChecks Value="True"/>
              <StackChecks Value="True"/>
            </Checks>
            <VerifyObjMethodCallValidity Value="True"/>
            <TargetCPU Value="x86_64"/>
            <TargetOS Value="win64"/>
          </CodeGeneration>
          <Linking>
            <Debugging>
              <UseExternalDbgSyms Value="True"/>
            </Debugging>
            <LinkSmart Value="True"/>
            <Options>
              <Win32>
                <GraphicApplication Value="True"/>
              </Win32>
            </Options>
          </Linking>
          <Other>
            <CustomOptions Value="-dNO_LIBZMQ"/>
            <OtherDefines Count="1">
              <Define0 Value="NO_LIBZMQ"/>
            </OtherDefines>
          </Other>
        </CompilerOptions>
      </Item2>
      <Item3 Name="browser">
        <CompilerOptions>
          <Version Value="11"/>
          <Target>
            <Filename Value="experiment_$(BuildMode)"/>
          </Target>
          <SearchPaths>
            <IncludeFiles Value="$(ProjOutDir)"/>
            <OtherUnitFiles Value="src/forms;src/units;src/schedules;dependency/epiktimer"/>
            <UnitOutputDirectory Value="lib/$(TargetCPU)-$(TargetOS)"/>
          </SearchPaths>
          <Parsing>
            <SyntaxOptions>
              <IncludeAssertionCode Value="True"/>
            </SyntaxOptions>
          </Parsing>
          <CodeGeneration>
            <SmartLinkUnit Value="True"/>
            <Checks>
              <IOChecks Value="True"/>
              <RangeChecks Value="True"/>
              <OverflowChecks Value="True"/>
              <StackChecks Value="True"/>
            </Checks>
            <VerifyObjMethodCallValidity Value="True"/>
            <TargetCPU Value="x86_64"/>
            <TargetOS Value="browser"/>
          </CodeGeneration>
          <Linking>
            <LinkSmart Value="True"/>
            <Options>
              <Win32>
                <GraphicApplication Value="True"/>
              </Win32>
            </Options>
          </Linking>
          <Other>
            <CustomOptions Value="-dNO_LIBZMQ"/>
            <OtherDefines Count="1">
              <Define0 Value="NO_LIBZMQ"/>
            </OtherDefines>
          </Other>
        </CompilerOptions>
      </Item3>
    </BuildModes>
    <PublishOptions>
      <Version Value="2"/>
    </PublishOptions>
    <RunParams>
      <FormatVersion Value="2"/>
      <Modes Count="1">
        <Mode0 Name="default"/>
      </Modes>
    </RunParams>
    <RequiredPackages Count="5">
      <Item1>
        <PackageName Value="TurboPowerIPro"/>
      </Item1>
      <Item2>
        <PackageName Value="SynEdit"/>
      </Item2>
      <Item3>
        <PackageName Value="JvCtrlsLazR"/>
      </Item3>
      <Item4>
        <PackageName Value="castle_base"/>
      </Item4>
      <Item5>
        <PackageName Value="LCL"/>
      </Item5>
    </RequiredPackages>
    <Units Count="29">
      <Unit0>
        <Filename Value="eduardo_experiment.lpr"/>
        <IsPartOfProject Value="True"/>
      </Unit0>
      <Unit1>
        <Filename Value="src/forms/forms.main.pas"/>
        <IsPartOfProject Value="True"/>
        <ComponentName Value="Background"/>
        <HasResources Value="True"/>
        <ResourceBaseClass Value="Form"/>
        <UnitName Value="Forms.Main"/>
      </Unit1>
      <Unit2>
        <Filename Value="src/units/session.blocssimple.pas"/>
        <IsPartOfProject Value="True"/>
        <UnitName Value="Session.BlocsSimple"/>
      </Unit2>
      <Unit3>
        <Filename Value="src/units/session.backgrounds.pas"/>
        <IsPartOfProject Value="True"/>
        <UnitName Value="Session.Backgrounds"/>
      </Unit3>
      <Unit4>
        <Filename Value="src/units/sessionsimple.pas"/>
        <IsPartOfProject Value="True"/>
        <UnitName Value="SessionSimple"/>
      </Unit4>
      <Unit5>
        <Filename Value="src/forms/forms.main.lfm"/>
        <IsPartOfProject Value="True"/>
      </Unit5>
      <Unit6>
        <Filename Value="src/units/controls.stimuli.text.pas"/>
        <IsPartOfProject Value="True"/>
        <UnitName Value="Controls.Stimuli.Text"/>
      </Unit6>
      <Unit7>
        <Filename Value="src/units/controls.goleftgoright.pas"/>
        <IsPartOfProject Value="True"/>
        <UnitName Value="Controls.GoLeftGoRight"/>
      </Unit7>
      <Unit8>
        <Filename Value="src/units/stimuli.abstract.pas"/>
        <IsPartOfProject Value="True"/>
        <UnitName Value="Stimuli.Abstract"/>
      </Unit8>
      <Unit9>
        <Filename Value="src/units/stimuli.choice.pas"/>
        <IsPartOfProject Value="True"/>
        <UnitName Value="Stimuli.Choice"/>
      </Unit9>
      <Unit10>
        <Filename Value="src/units/stimuli.image.base.pas"/>
        <IsPartOfProject Value="True"/>
        <UnitName Value="Stimuli.Image.Base"/>
      </Unit10>
      <Unit11>
        <Filename Value="src/units/consequences.pas"/>
        <IsPartOfProject Value="True"/>
        <UnitName Value="Consequences"/>
      </Unit11>
      <Unit12>
        <Filename Value="src/units/filemethods.pas"/>
        <IsPartOfProject Value="True"/>
        <UnitName Value="FileMethods"/>
      </Unit12>
      <Unit13>
        <Filename Value="src/units/stimuli.game.freesquare.pas"/>
        <IsPartOfProject Value="True"/>
        <UnitName Value="Stimuli.Game.FreeSquare"/>
      </Unit13>
      <Unit14>
        <Filename Value="src/units/serialtimer.pas"/>
        <IsPartOfProject Value="True"/>
        <UnitName Value="SerialTimer"/>
      </Unit14>
      <Unit15>
        <Filename Value="src/units/controls.trials.freesquare.pas"/>
        <IsPartOfProject Value="True"/>
        <UnitName Value="Controls.Trials.FreeSquare"/>
      </Unit15>
      <Unit16>
        <Filename Value="src/units/experiments.eduardo.experimento2.pas"/>
        <IsPartOfProject Value="True"/>
        <UnitName Value="Experiments.Eduardo.Experimento2"/>
      </Unit16>
      <Unit17>
        <Filename Value="src/units/stimuli.sequence.temporalbissection.pas"/>
        <IsPartOfProject Value="True"/>
        <UnitName Value="Stimuli.Sequence.TemporalBissection"/>
      </Unit17>
      <Unit18>
        <Filename Value="src/units/controls.trials.temporalbissection.pas"/>
        <IsPartOfProject Value="True"/>
        <UnitName Value="Controls.Trials.TemporalBissection"/>
      </Unit18>
      <Unit19>
        <Filename Value="src/units/controls.trials.relationalframe.pas"/>
        <IsPartOfProject Value="True"/>
        <UnitName Value="Controls.Trials.RelationalFrame"/>
      </Unit19>
      <Unit20>
        <Filename Value="src/units/stimuli.sequence.relationalframe.pas"/>
        <IsPartOfProject Value="True"/>
        <UnitName Value="Stimuli.Sequence.RelationalFrame"/>
      </Unit20>
      <Unit21>
        <Filename Value="src/units/testingmethods.pas"/>
        <IsPartOfProject Value="True"/>
        <UnitName Value="TestingMethods"/>
      </Unit21>
      <Unit22>
        <Filename Value="src/units/controls.trials.textinput.pas"/>
        <IsPartOfProject Value="True"/>
        <UnitName Value="Controls.Trials.TextInput"/>
      </Unit22>
      <Unit23>
        <Filename Value="src/units/stimuli.image.movingsquare.pas"/>
        <IsPartOfProject Value="True"/>
        <UnitName Value="Stimuli.Image.MovingSquare"/>
      </Unit23>
      <Unit24>
        <Filename Value="src/units/experiments.eduardo.comum.pas"/>
        <IsPartOfProject Value="True"/>
        <UnitName Value="Experiments.Eduardo.Comum"/>
      </Unit24>
      <Unit25>
        <Filename Value="src/units/stimuli.image.labeled.pas"/>
        <IsPartOfProject Value="True"/>
        <UnitName Value="Stimuli.Image.Labeled"/>
      </Unit25>
      <Unit26>
        <Filename Value="src/units/cheats.pas"/>
        <IsPartOfProject Value="True"/>
        <UnitName Value="Cheats"/>
      </Unit26>
      <Unit27>
        <Filename Value="src/units/experiments.eduardo.experimento3.pas"/>
        <IsPartOfProject Value="True"/>
        <UnitName Value="Experiments.Eduardo.Experimento3"/>
      </Unit27>
      <Unit28>
        <Filename Value="src/units/stimuli.pas"/>
        <IsPartOfProject Value="True"/>
        <UnitName Value="Stimuli"/>
      </Unit28>
    </Units>
  </ProjectOptions>
  <CompilerOptions>
    <Version Value="11"/>
    <Target>
      <Filename Value="experiment_$(BuildMode)"/>
    </Target>
    <SearchPaths>
      <IncludeFiles Value="$(ProjOutDir)"/>
      <OtherUnitFiles Value="src/units;src/schedules;src/forms"/>
      <UnitOutputDirectory Value="lib/$(TargetCPU)-$(TargetOS)"/>
    </SearchPaths>
    <Parsing>
      <SyntaxOptions>
        <IncludeAssertionCode Value="True"/>
      </SyntaxOptions>
    </Parsing>
    <CodeGeneration>
      <Checks>
        <IOChecks Value="True"/>
        <RangeChecks Value="True"/>
        <OverflowChecks Value="True"/>
        <StackChecks Value="True"/>
      </Checks>
      <VerifyObjMethodCallValidity Value="True"/>
      <TargetCPU Value="x86_64"/>
      <TargetOS Value="linux"/>
    </CodeGeneration>
    <Other>
      <CustomOptions Value="-dNO_LIBZMQ"/>
      <OtherDefines Count="1">
        <Define0 Value="NO_LIBZMQ"/>
      </OtherDefines>
    </Other>
  </CompilerOptions>
  <Debugging>
    <Exceptions Count="4">
      <Item1>
        <Name Value="EAbort"/>
      </Item1>
      <Item2>
        <Name Value="ECodetoolError"/>
      </Item2>
      <Item3>
        <Name Value="EFOpenError"/>
      </Item3>
      <Item4>
        <Name Value="RunError(219)"/>
      </Item4>
    </Exceptions>
  </Debugging>
</CONFIG>
