<?xml version="1.0" encoding="UTF-8"?>
<CONFIG>
  <ProjectOptions>
    <Version Value="9"/>
    <General>
      <SessionStorage Value="InProjectDir"/>
      <MainUnit Value="0"/>
      <Title Value="stimulus_control"/>
      <ResourceType Value="res"/>
      <Icon Value="0"/>
    </General>
    <i18n>
      <EnableI18N LFM="False"/>
    </i18n>
    <VersionInfo>
      <UseVersionInfo Value="True"/>
      <AutoIncrementBuild Value="True"/>
      <RevisionNr Value="1"/>
      <StringTable Comments="cpicanco@ufpa.br" CompanyName="Universidade Federal do Pará" FileDescription="Stimulus Control Application" InternalName="stimulus_control" LegalCopyright="GPL3" OriginalFilename="stimulus_control" ProductName="Stimulus Control App" ProductVersion=""/>
    </VersionInfo>
    <MacroValues Count="2">
      <Macro1 Name="fpGUIPlatform" Value="x11"/>
      <Macro2 Name="LCLWidgetType" Value="gtk2"/>
    </MacroValues>
    <BuildModes Count="6">
      <Item1 Name="Debug" Default="True"/>
      <Item2 Name="Release">
        <MacroValues Count="2">
          <Macro1 Name="fpGUIPlatform" Value="x11"/>
          <Macro2 Name="LCLWidgetType" Value="gtk2"/>
        </MacroValues>
        <CompilerOptions>
          <Version Value="11"/>
          <Target>
            <Filename Value="stimulus_control.bin"/>
          </Target>
          <SearchPaths>
            <IncludeFiles Value="$(ProjOutDir)"/>
            <OtherUnitFiles Value="forms;units;/usr/local/lib/;dependency/delphizmq"/>
            <UnitOutputDirectory Value="lib/$(TargetCPU)-$(TargetOS)"/>
          </SearchPaths>
          <CodeGeneration>
            <TargetOS Value="linux"/>
            <Optimizations>
              <OptimizationLevel Value="0"/>
            </Optimizations>
          </CodeGeneration>
          <Linking>
            <Debugging>
              <StripSymbols Value="True"/>
            </Debugging>
            <Options>
              <Win32>
                <GraphicApplication Value="True"/>
              </Win32>
            </Options>
          </Linking>
          <Other>
            <Verbosity>
              <ShoLineNum Value="True"/>
            </Verbosity>
            <CompilerMessages>
              <MsgFileName Value=""/>
            </CompilerMessages>
            <CustomOptions Value="-dUseCThreads"/>
            <CompilerPath Value="$(CompPath)"/>
          </Other>
        </CompilerOptions>
      </Item2>
      <Item3 Name="WinDebug">
        <MacroValues Count="2">
          <Macro3 Name="fpGUIPlatform" Value="gdi"/>
          <Macro4 Name="LCLWidgetType" Value="win32"/>
        </MacroValues>
        <CompilerOptions>
          <Version Value="11"/>
          <Target>
            <Filename Value="stimulus_control.bin"/>
          </Target>
          <SearchPaths>
            <IncludeFiles Value="$(ProjOutDir)"/>
            <OtherUnitFiles Value="forms;units;/usr/local/lib/;dependency/delphizmq"/>
            <UnitOutputDirectory Value="lib/$(TargetCPU)-$(TargetOS)"/>
          </SearchPaths>
          <CodeGeneration>
            <TargetOS Value="linux"/>
            <Optimizations>
              <OptimizationLevel Value="0"/>
            </Optimizations>
          </CodeGeneration>
          <Linking>
            <Debugging>
              <StripSymbols Value="True"/>
            </Debugging>
            <Options>
              <Win32>
                <GraphicApplication Value="True"/>
              </Win32>
            </Options>
          </Linking>
          <Other>
            <Verbosity>
              <ShoLineNum Value="True"/>
            </Verbosity>
            <CompilerMessages>
              <MsgFileName Value=""/>
            </CompilerMessages>
            <CustomOptions Value="-dUseCThreads"/>
            <CompilerPath Value="$(CompPath)"/>
          </Other>
        </CompilerOptions>
      </Item3>
      <Item4 Name="WinRelease">
        <MacroValues Count="2">
          <Macro3 Name="fpGUIPlatform" Value="gdi"/>
          <Macro4 Name="LCLWidgetType" Value="win32"/>
        </MacroValues>
        <CompilerOptions>
          <Version Value="11"/>
          <Target>
            <Filename Value="stimulus_control.bin"/>
          </Target>
          <SearchPaths>
            <IncludeFiles Value="$(ProjOutDir)"/>
            <OtherUnitFiles Value="forms;units;/usr/local/lib/;dependency/delphizmq"/>
            <UnitOutputDirectory Value="lib/$(TargetCPU)-$(TargetOS)"/>
          </SearchPaths>
          <CodeGeneration>
            <TargetOS Value="linux"/>
            <Optimizations>
              <OptimizationLevel Value="0"/>
            </Optimizations>
          </CodeGeneration>
          <Linking>
            <Debugging>
              <StripSymbols Value="True"/>
            </Debugging>
            <Options>
              <Win32>
                <GraphicApplication Value="True"/>
              </Win32>
            </Options>
          </Linking>
          <Other>
            <Verbosity>
              <ShoLineNum Value="True"/>
            </Verbosity>
            <CompilerMessages>
              <MsgFileName Value=""/>
            </CompilerMessages>
            <CustomOptions Value="-dUseCThreads"/>
            <CompilerPath Value="$(CompPath)"/>
          </Other>
        </CompilerOptions>
      </Item4>
      <Item5 Name="MacDebug">
        <MacroValues Count="2">
          <Macro1 Name="fpGUIPlatform" Value="x11"/>
          <Macro5 Name="LCLWidgetType" Value="carbon"/>
        </MacroValues>
        <CompilerOptions>
          <Version Value="11"/>
          <Target>
            <Filename Value="stimulus_control.bin"/>
          </Target>
          <SearchPaths>
            <IncludeFiles Value="$(ProjOutDir)"/>
            <OtherUnitFiles Value="forms;units;/usr/local/lib/;dependency/delphizmq"/>
            <UnitOutputDirectory Value="lib/$(TargetCPU)-$(TargetOS)"/>
          </SearchPaths>
          <CodeGeneration>
            <TargetOS Value="linux"/>
            <Optimizations>
              <OptimizationLevel Value="0"/>
            </Optimizations>
          </CodeGeneration>
          <Linking>
            <Debugging>
              <StripSymbols Value="True"/>
            </Debugging>
            <Options>
              <Win32>
                <GraphicApplication Value="True"/>
              </Win32>
            </Options>
          </Linking>
          <Other>
            <Verbosity>
              <ShoLineNum Value="True"/>
            </Verbosity>
            <CompilerMessages>
              <MsgFileName Value=""/>
            </CompilerMessages>
            <CustomOptions Value="-dUseCThreads"/>
            <CompilerPath Value="$(CompPath)"/>
          </Other>
        </CompilerOptions>
      </Item5>
      <Item6 Name="MacRelease">
        <MacroValues Count="2">
          <Macro1 Name="fpGUIPlatform" Value="x11"/>
          <Macro5 Name="LCLWidgetType" Value="carbon"/>
        </MacroValues>
        <CompilerOptions>
          <Version Value="11"/>
          <Target>
            <Filename Value="stimulus_control.bin"/>
          </Target>
          <SearchPaths>
            <IncludeFiles Value="$(ProjOutDir)"/>
            <OtherUnitFiles Value="forms;units;/usr/local/lib/;dependency/delphizmq"/>
            <UnitOutputDirectory Value="lib/$(TargetCPU)-$(TargetOS)"/>
          </SearchPaths>
          <CodeGeneration>
            <TargetOS Value="linux"/>
            <Optimizations>
              <OptimizationLevel Value="0"/>
            </Optimizations>
          </CodeGeneration>
          <Linking>
            <Debugging>
              <StripSymbols Value="True"/>
            </Debugging>
            <Options>
              <Win32>
                <GraphicApplication Value="True"/>
              </Win32>
            </Options>
          </Linking>
          <Other>
            <Verbosity>
              <ShoLineNum Value="True"/>
            </Verbosity>
            <CompilerMessages>
              <MsgFileName Value=""/>
            </CompilerMessages>
            <CustomOptions Value="-dUseCThreads"/>
            <CompilerPath Value="$(CompPath)"/>
          </Other>
        </CompilerOptions>
      </Item6>
      <SharedMatrixOptions Count="6">
        <Item1 Modes="Debug,MacDebug,MacRelease,Release" Type="IDEMacro" MacroName="fpGUIPlatform" Value="x11"/>
        <Item2 Modes="Debug,Release" Type="IDEMacro" MacroName="LCLWidgetType" Value="gtk2"/>
        <Item3 ID="062521388972" Modes="WinDebug,WinRelease" Type="IDEMacro" MacroName="fpGUIPlatform" Value="gdi"/>
        <Item4 ID="251590465574" Modes="WinDebug,WinRelease" Type="IDEMacro" MacroName="LCLWidgetType" Value="win32"/>
        <Item5 ID="228596256702" Modes="MacDebug,MacRelease" Type="IDEMacro" MacroName="LCLWidgetType" Value="carbon"/>
        <Item6 ID="313147574189" Modes="WinDebug,MacDebug,Debug" Value="-dDEBUG"/>
      </SharedMatrixOptions>
    </BuildModes>
    <PublishOptions>
      <Version Value="2"/>
      <IncludeFileFilter Value="*.(pas|pp|inc|lfm|lpr|lrs|lpi|lpk|sh|xml)"/>
      <ExcludeFileFilter Value="*.(bak|ppu|o|so);*~;backup"/>
    </PublishOptions>
    <RunParams>
      <local>
        <FormatVersion Value="1"/>
      </local>
    </RunParams>
    <RequiredPackages Count="1">
      <Item1>
        <PackageName Value="LCL"/>
      </Item1>
    </RequiredPackages>
    <Units Count="27">
      <Unit0>
        <Filename Value="stimulus_control.lpr"/>
        <IsPartOfProject Value="True"/>
        <UnitName Value="stimulus_control"/>
      </Unit0>
      <Unit1>
        <Filename Value="forms/background.pas"/>
        <IsPartOfProject Value="True"/>
        <ComponentName Value="bkgnd"/>
        <HasResources Value="True"/>
        <ResourceBaseClass Value="Form"/>
        <UnitName Value="background"/>
      </Unit1>
      <Unit2>
        <Filename Value="units/client.pas"/>
        <IsPartOfProject Value="True"/>
        <UnitName Value="client"/>
      </Unit2>
      <Unit3>
        <Filename Value="units/draw_methods.pas"/>
        <IsPartOfProject Value="True"/>
        <UnitName Value="draw_methods"/>
      </Unit3>
      <Unit4>
        <Filename Value="forms/userconfigs.pas"/>
        <IsPartOfProject Value="True"/>
        <ComponentName Value="UserConfig"/>
        <HasResources Value="True"/>
        <ResourceBaseClass Value="Form"/>
        <UnitName Value="userconfigs"/>
      </Unit4>
      <Unit5>
        <Filename Value="units/simplegui.pas"/>
        <IsPartOfProject Value="True"/>
        <UnitName Value="simplegui"/>
      </Unit5>
      <Unit6>
        <Filename Value="units/regdata.pas"/>
        <IsPartOfProject Value="True"/>
        <UnitName Value="regdata"/>
      </Unit6>
      <Unit7>
        <Filename Value="forms/userconfigs_trial_mirrored.pas"/>
        <IsPartOfProject Value="True"/>
        <ComponentName Value="BresenhamLineForm"/>
        <HasResources Value="True"/>
        <ResourceBaseClass Value="Form"/>
        <UnitName Value="userconfigs_trial_mirrored"/>
      </Unit7>
      <Unit8>
        <Filename Value="units/constants.pas"/>
        <IsPartOfProject Value="True"/>
        <UnitName Value="constants"/>
      </Unit8>
      <Unit9>
        <Filename Value="units/custom_timer.pas"/>
        <IsPartOfProject Value="True"/>
        <UnitName Value="custom_timer"/>
      </Unit9>
      <Unit10>
        <Filename Value="units/session.pas"/>
        <IsPartOfProject Value="True"/>
        <UnitName Value="session"/>
      </Unit10>
      <Unit11>
        <Filename Value="units/blocs.pas"/>
        <IsPartOfProject Value="True"/>
        <UnitName Value="blocs"/>
      </Unit11>
      <Unit12>
        <Filename Value="units/countermanager.pas"/>
        <IsPartOfProject Value="True"/>
        <UnitName Value="countermanager"/>
      </Unit12>
      <Unit13>
        <Filename Value="units/counter.pas"/>
        <IsPartOfProject Value="True"/>
        <UnitName Value="counter"/>
      </Unit13>
      <Unit14>
        <Filename Value="units/schedules_abstract.pas"/>
        <IsPartOfProject Value="True"/>
        <UnitName Value="schedules_abstract"/>
      </Unit14>
      <Unit15>
        <Filename Value="units/schedules.pas"/>
        <IsPartOfProject Value="True"/>
        <UnitName Value="schedules"/>
      </Unit15>
      <Unit16>
        <Filename Value="units/response_key.pas"/>
        <IsPartOfProject Value="True"/>
        <UnitName Value="response_key"/>
      </Unit16>
      <Unit17>
        <Filename Value="units/trial_feature_positive.pas"/>
        <IsPartOfProject Value="True"/>
        <UnitName Value="trial_feature_positive"/>
      </Unit17>
      <Unit18>
        <Filename Value="units/trial_message.pas"/>
        <IsPartOfProject Value="True"/>
        <UnitName Value="trial_message"/>
      </Unit18>
      <Unit19>
        <Filename Value="units/trial_matching.pas"/>
        <IsPartOfProject Value="True"/>
        <UnitName Value="trial_matching"/>
      </Unit19>
      <Unit20>
        <Filename Value="units/trial_simple.pas"/>
        <IsPartOfProject Value="True"/>
        <UnitName Value="trial_simple"/>
      </Unit20>
      <Unit21>
        <Filename Value="forms/userconfigs_simple_discrimination_matrix.pas"/>
        <IsPartOfProject Value="True"/>
        <ComponentName Value="MatrixForm"/>
        <HasResources Value="True"/>
        <ResourceBaseClass Value="Form"/>
        <UnitName Value="userconfigs_simple_discrimination_matrix"/>
      </Unit21>
      <Unit22>
        <Filename Value="forms/userconfigs_get_matrix.pas"/>
        <IsPartOfProject Value="True"/>
        <ComponentName Value="MatrixConfigForm"/>
        <HasResources Value="True"/>
        <ResourceBaseClass Value="Form"/>
        <UnitName Value="userconfigs_get_matrix"/>
      </Unit22>
      <Unit23>
        <Filename Value="units/criatore.pas"/>
        <IsPartOfProject Value="True"/>
        <UnitName Value="criatore"/>
      </Unit23>
      <Unit24>
        <Filename Value="units/trial_abstract.pas"/>
        <IsPartOfProject Value="True"/>
        <UnitName Value="trial_abstract"/>
      </Unit24>
      <Unit25>
        <Filename Value="units/bass_player.pas"/>
        <IsPartOfProject Value="True"/>
        <UnitName Value="bass_player"/>
      </Unit25>
      <Unit26>
        <Filename Value="units/debug_logger.pas"/>
        <IsPartOfProject Value="True"/>
        <UnitName Value="debug_logger"/>
      </Unit26>
    </Units>
  </ProjectOptions>
  <CompilerOptions>
    <Version Value="11"/>
    <Target>
      <Filename Value="stimulus_control.bin"/>
    </Target>
    <SearchPaths>
      <IncludeFiles Value="$(ProjOutDir)"/>
      <OtherUnitFiles Value="forms;units;/usr/local/lib/;dependency/delphizmq"/>
      <UnitOutputDirectory Value="lib/$(TargetCPU)-$(TargetOS)"/>
    </SearchPaths>
    <CodeGeneration>
      <TargetOS Value="linux"/>
      <Optimizations>
        <OptimizationLevel Value="0"/>
      </Optimizations>
    </CodeGeneration>
    <Linking>
      <Debugging>
        <StripSymbols Value="True"/>
      </Debugging>
      <Options>
        <Win32>
          <GraphicApplication Value="True"/>
        </Win32>
      </Options>
    </Linking>
    <Other>
      <Verbosity>
        <ShoLineNum Value="True"/>
      </Verbosity>
      <CompilerMessages>
        <MsgFileName Value=""/>
      </CompilerMessages>
      <CustomOptions Value="-dUseCThreads"/>
      <CompilerPath Value="$(CompPath)"/>
    </Other>
  </CompilerOptions>
  <Debugging>
    <Exceptions Count="3">
      <Item1>
        <Name Value="EAbort"/>
      </Item1>
      <Item2>
        <Name Value="ECodetoolError"/>
      </Item2>
      <Item3>
        <Name Value="EFOpenError"/>
      </Item3>
    </Exceptions>
  </Debugging>
</CONFIG>
