<?xml version="1.0"?>
<CONFIG>
  <ProjectOptions>
    <Version Value="9"/>
    <General>
      <SessionStorage Value="InProjectDir"/>
      <MainUnit Value="0"/>
      <Title Value="validation_study"/>
      <ResourceType Value="res"/>
      <Icon Value="0"/>
    </General>
    <i18n>
      <EnableI18N LFM="False"/>
    </i18n>
    <VersionInfo>
      <StringTable ProductVersion=""/>
    </VersionInfo>
    <BuildModes Count="1">
      <Item1 Name="Default" Default="True"/>
    </BuildModes>
    <PublishOptions>
      <Version Value="2"/>
      <IncludeFileFilter Value="*.(pas|pp|inc|lfm|lpr|lrs|lpi|lpk|sh|xml)"/>
      <ExcludeFileFilter Value="*.(bak|ppu|o|so);*~;backup"/>
    </PublishOptions>
    <RunParams>
      <local>
        <FormatVersion Value="1"/>
        <LaunchingApplication PathPlusParams="/usr/bin/xterm -T 'Lazarus Run Output' -e $(LazarusDir)/tools/runwait.sh $(TargetCmdLine)"/>
      </local>
    </RunParams>
    <RequiredPackages Count="1">
      <Item1>
        <PackageName Value="LCL"/>
      </Item1>
    </RequiredPackages>
    <Units Count="23">
      <Unit0>
        <Filename Value="validation_study.lpr"/>
        <IsPartOfProject Value="True"/>
        <UnitName Value="validation_study"/>
      </Unit0>
      <Unit1>
        <Filename Value="forms/background.pas"/>
        <IsPartOfProject Value="True"/>
        <ComponentName Value="bkgnd"/>
        <HasResources Value="True"/>
        <ResourceBaseClass Value="Form"/>
        <UnitName Value="background"/>
      </Unit1>
      <Unit2>
        <Filename Value="units/client.pas"/>
        <IsPartOfProject Value="True"/>
        <UnitName Value="client"/>
      </Unit2>
      <Unit3>
        <Filename Value="units/draw_methods.pas"/>
        <IsPartOfProject Value="True"/>
        <UnitName Value="draw_methods"/>
      </Unit3>
      <Unit4>
        <Filename Value="forms/userconfigs.pas"/>
        <IsPartOfProject Value="True"/>
        <ComponentName Value="UserConfig"/>
        <HasResources Value="True"/>
        <ResourceBaseClass Value="Form"/>
        <UnitName Value="userconfigs"/>
      </Unit4>
      <Unit5>
        <Filename Value="units/config.pas"/>
        <IsPartOfProject Value="True"/>
        <UnitName Value="config"/>
      </Unit5>
      <Unit6>
        <Filename Value="units/simplegui.pas"/>
        <IsPartOfProject Value="True"/>
        <UnitName Value="simplegui"/>
      </Unit6>
      <Unit7>
        <Filename Value="units/regdata.pas"/>
        <IsPartOfProject Value="True"/>
        <UnitName Value="regdata"/>
      </Unit7>
      <Unit8>
        <Filename Value="forms/userconfigs_trial_mirrored.pas"/>
        <IsPartOfProject Value="True"/>
        <ComponentName Value="BresenhamLineForm"/>
        <HasResources Value="True"/>
        <ResourceBaseClass Value="Form"/>
        <UnitName Value="userconfigs_trial_mirrored"/>
      </Unit8>
      <Unit9>
        <Filename Value="units/constants.pas"/>
        <IsPartOfProject Value="True"/>
        <UnitName Value="constants"/>
      </Unit9>
      <Unit10>
        <Filename Value="units/custom_timer.pas"/>
        <IsPartOfProject Value="True"/>
        <UnitName Value="custom_timer"/>
      </Unit10>
      <Unit11>
        <Filename Value="units/session.pas"/>
        <IsPartOfProject Value="True"/>
        <UnitName Value="session"/>
      </Unit11>
      <Unit12>
        <Filename Value="units/blocs.pas"/>
        <IsPartOfProject Value="True"/>
        <UnitName Value="blocs"/>
      </Unit12>
      <Unit13>
        <Filename Value="units/countermanager.pas"/>
        <IsPartOfProject Value="True"/>
        <UnitName Value="countermanager"/>
      </Unit13>
      <Unit14>
        <Filename Value="units/counter.pas"/>
        <IsPartOfProject Value="True"/>
        <UnitName Value="counter"/>
      </Unit14>
      <Unit15>
        <Filename Value="units/schedules_abstract.pas"/>
        <IsPartOfProject Value="True"/>
        <UnitName Value="schedules_abstract"/>
      </Unit15>
      <Unit16>
        <Filename Value="units/schedules.pas"/>
        <IsPartOfProject Value="True"/>
        <UnitName Value="schedules"/>
      </Unit16>
      <Unit17>
        <Filename Value="units/response_key.pas"/>
        <IsPartOfProject Value="True"/>
        <UnitName Value="response_key"/>
      </Unit17>
      <Unit18>
        <Filename Value="units/trial_mirrored_stm.pas"/>
        <IsPartOfProject Value="True"/>
        <UnitName Value="trial_mirrored_stm"/>
      </Unit18>
      <Unit19>
        <Filename Value="units/trial_mirrored_config.pas"/>
        <IsPartOfProject Value="True"/>
        <UnitName Value="trial_mirrored_config"/>
      </Unit19>
      <Unit20>
        <Filename Value="units/trial_message.pas"/>
        <IsPartOfProject Value="True"/>
        <UnitName Value="trial_message"/>
      </Unit20>
      <Unit21>
        <Filename Value="units/trial_matching.pas"/>
        <IsPartOfProject Value="True"/>
        <UnitName Value="trial_matching"/>
      </Unit21>
      <Unit22>
        <Filename Value="units/trial_simple.pas"/>
        <IsPartOfProject Value="True"/>
        <UnitName Value="trial_simple"/>
      </Unit22>
    </Units>
  </ProjectOptions>
  <CompilerOptions>
    <Version Value="11"/>
    <Target>
      <Filename Value="validation_study.bin"/>
    </Target>
    <SearchPaths>
      <IncludeFiles Value="$(ProjOutDir)"/>
      <OtherUnitFiles Value="forms;units;units/shared;/usr/local/lib/;dependency"/>
      <UnitOutputDirectory Value="lib/$(TargetCPU)-$(TargetOS)"/>
    </SearchPaths>
    <CodeGeneration>
      <TargetOS Value="linux"/>
    </CodeGeneration>
    <Linking>
      <Debugging>
        <StripSymbols Value="True"/>
        <UseExternalDbgSyms Value="True"/>
      </Debugging>
      <Options>
        <Win32>
          <GraphicApplication Value="True"/>
        </Win32>
      </Options>
    </Linking>
    <Other>
      <Verbosity>
        <ShoLineNum Value="True"/>
      </Verbosity>
      <CompilerMessages>
        <MsgFileName Value=""/>
      </CompilerMessages>
      <CustomOptions Value="-dUseCThreads"/>
      <CompilerPath Value="$(CompPath)"/>
    </Other>
  </CompilerOptions>
  <Debugging>
    <Exceptions Count="3">
      <Item1>
        <Name Value="EAbort"/>
      </Item1>
      <Item2>
        <Name Value="ECodetoolError"/>
      </Item2>
      <Item3>
        <Name Value="EFOpenError"/>
      </Item3>
    </Exceptions>
  </Debugging>
</CONFIG>
