<?xml version="1.0" encoding="UTF-8"?>
<CONFIG>
  <ProjectOptions>
    <Version Value="10"/>
    <General>
      <SessionStorage Value="InProjectDir"/>
      <MainUnit Value="0"/>
      <Title Value="change_food_habits_go_nogo"/>
      <Scaled Value="True"/>
      <ResourceType Value="res"/>
      <UseXPManifest Value="True"/>
      <XPManifest>
        <DpiAware Value="True"/>
      </XPManifest>
    </General>
    <BuildModes Count="2">
      <Item1 Name="deb64" Default="True"/>
      <Item2 Name="win64">
        <CompilerOptions>
          <Version Value="11"/>
          <Target>
            <Filename Value="experiment_$(BuildMode)"/>
          </Target>
          <SearchPaths>
            <IncludeFiles Value="$(ProjOutDir)"/>
            <OtherUnitFiles Value="../../src/units;../../src/schedules;../../dependency/epiktimer"/>
            <UnitOutputDirectory Value="lib/$(TargetCPU)-$(TargetOS)"/>
          </SearchPaths>
          <CodeGeneration>
            <SmartLinkUnit Value="True"/>
            <TargetCPU Value="x86_64"/>
            <TargetOS Value="win64"/>
          </CodeGeneration>
          <Linking>
            <Debugging>
              <GenerateDebugInfo Value="False"/>
              <UseLineInfoUnit Value="False"/>
            </Debugging>
            <LinkSmart Value="True"/>
            <Options>
              <Win32>
                <GraphicApplication Value="True"/>
              </Win32>
            </Options>
          </Linking>
          <Other>
            <CustomOptions Value="-dNO_LIBZMQ"/>
            <OtherDefines Count="1">
              <Define0 Value="NO_LIBZMQ"/>
            </OtherDefines>
          </Other>
        </CompilerOptions>
      </Item2>
    </BuildModes>
    <PublishOptions>
      <Version Value="2"/>
    </PublishOptions>
    <RunParams>
      <local>
        <FormatVersion Value="1"/>
      </local>
    </RunParams>
    <RequiredPackages Count="1">
      <Item1>
        <PackageName Value="LCL"/>
      </Item1>
    </RequiredPackages>
    <Units Count="8">
      <Unit0>
        <Filename Value="change_food_habits_go_nogo.lpr"/>
        <IsPartOfProject Value="True"/>
      </Unit0>
      <Unit1>
        <Filename Value="forms.main.pas"/>
        <IsPartOfProject Value="True"/>
        <ComponentName Value="Background"/>
        <HasResources Value="True"/>
        <ResourceBaseClass Value="Form"/>
        <UnitName Value="Forms.Main"/>
      </Unit1>
      <Unit2>
        <Filename Value="../../src/units/controls.trials.likert.pas"/>
        <IsPartOfProject Value="True"/>
        <UnitName Value="Controls.Trials.Likert"/>
      </Unit2>
      <Unit3>
        <Filename Value="../../src/units/controls.likert.pas"/>
        <IsPartOfProject Value="True"/>
        <UnitName Value="Controls.Likert"/>
      </Unit3>
      <Unit4>
        <Filename Value="../../src/units/session.blocssimple.pas"/>
        <IsPartOfProject Value="True"/>
        <UnitName Value="Session.BlocsSimple"/>
      </Unit4>
      <Unit5>
        <Filename Value="../../src/units/session.backgrounds.pas"/>
        <IsPartOfProject Value="True"/>
        <UnitName Value="Session.Backgrounds"/>
      </Unit5>
      <Unit6>
        <Filename Value="../../src/units/experiments.maues.pas"/>
        <IsPartOfProject Value="True"/>
        <UnitName Value="Experiments.Maues"/>
      </Unit6>
      <Unit7>
        <Filename Value="forms.checkstimuli.pas"/>
        <IsPartOfProject Value="True"/>
        <ComponentName Value="FormCheckStimuli"/>
        <HasResources Value="True"/>
        <ResourceBaseClass Value="Form"/>
        <UnitName Value="Forms.CheckStimuli"/>
      </Unit7>
    </Units>
  </ProjectOptions>
  <CompilerOptions>
    <Version Value="11"/>
    <Target>
      <Filename Value="experiment_$(BuildMode)"/>
    </Target>
    <SearchPaths>
      <IncludeFiles Value="$(ProjOutDir)"/>
      <OtherUnitFiles Value="../../src/units;../../src/schedules"/>
      <UnitOutputDirectory Value="lib/$(TargetCPU)-$(TargetOS)"/>
    </SearchPaths>
    <Parsing>
      <SyntaxOptions>
        <IncludeAssertionCode Value="True"/>
      </SyntaxOptions>
    </Parsing>
    <CodeGeneration>
      <Checks>
        <IOChecks Value="True"/>
        <RangeChecks Value="True"/>
        <OverflowChecks Value="True"/>
        <StackChecks Value="True"/>
      </Checks>
      <VerifyObjMethodCallValidity Value="True"/>
      <TargetCPU Value="x86_64"/>
      <TargetOS Value="linux"/>
    </CodeGeneration>
    <Other>
      <CustomOptions Value="-dNO_LIBZMQ"/>
      <OtherDefines Count="1">
        <Define0 Value="NO_LIBZMQ"/>
      </OtherDefines>
    </Other>
  </CompilerOptions>
  <Debugging>
    <Exceptions Count="3">
      <Item1>
        <Name Value="EAbort"/>
      </Item1>
      <Item2>
        <Name Value="ECodetoolError"/>
      </Item2>
      <Item3>
        <Name Value="EFOpenError"/>
      </Item3>
    </Exceptions>
  </Debugging>
</CONFIG>
